
Microsoft Visual Studio Solution File, Format Version 12.00
# Visual Studio Version 16
VisualStudioVersion = 16.0.29424.173
MinimumVisualStudioVersion = 10.0.40219.1
Project("{FAE04EC0-301F-11D3-BF4B-00C04F79EFBC}") = "WebAdvert.Web", "WebAdvert.Web.csproj", "{842D17AC-5259-4303-ACD1-91C1204F878C}"
EndProject
Global
	GlobalSection(SolutionConfigurationPlatforms) = preSolution
		Debug|Any CPU = Debug|Any CPU
		Release|Any CPU = Release|Any CPU
	EndGlobalSection
	GlobalSection(ProjectConfigurationPlatforms) = postSolution
		{842D17AC-5259-4303-ACD1-91C1204F878C}.Debug|Any CPU.ActiveCfg = Debug|Any CPU
		{842D17AC-5259-4303-ACD1-91C1204F878C}.Debug|Any CPU.Build.0 = Debug|Any CPU
		{842D17AC-5259-4303-ACD1-91C1204F878C}.Release|Any CPU.ActiveCfg = Release|Any CPU
		{842D17AC-5259-4303-ACD1-91C1204F878C}.Release|Any CPU.Build.0 = Release|Any CPU
	EndGlobalSection
	GlobalSection(SolutionProperties) = preSolution
		HideSolutionNode = FALSE
	EndGlobalSection
	GlobalSection(ExtensibilityGlobals) = postSolution
		SolutionGuid = {79E96797-532C-41A1-BAC2-75C00E7C383C}
	EndGlobalSection
EndGlobal
